{
  "nodes": {
    "agenix": {
      "inputs": {
        "darwin": [],
        "home-manager": "home-manager",
        "nixpkgs": [
          "nixpkgs"
        ],
        "systems": "systems"
      },
      "locked": {
        "lastModified": 1745630506,
        "narHash": "sha256-bHCFgGeu8XjWlVuaWzi3QONjDW3coZDqSHvnd4l7xus=",
        "owner": "ryantm",
        "repo": "agenix",
        "rev": "96e078c646b711aee04b82ba01aefbff87004ded",
        "type": "github"
      },
      "original": {
        "owner": "ryantm",
        "repo": "agenix",
        "type": "github"
      }
    },
    "allout58-dotfiles": {
      "flake": false,
      "locked": {
        "lastModified": 1720471600,
        "narHash": "sha256-Ck+Vg95nxdqJFtp6MVdhTV7RWw1XfGh0swxHdT27xkk=",
        "owner": "allout58",
        "repo": "dotfiles",
        "rev": "ed82212c5923b715384079666a15e62c1cdf846b",
        "type": "github"
      },
      "original": {
        "owner": "allout58",
        "ref": "main",
        "repo": "dotfiles",
        "type": "github"
      }
    },
    "home-manager": {
      "inputs": {
        "nixpkgs": [
          "agenix",
          "nixpkgs"
        ]
      },
      "locked": {
        "lastModified": 1745494811,
        "narHash": "sha256-YZCh2o9Ua1n9uCvrvi5pRxtuVNml8X2a03qIFfRKpFs=",
        "owner": "nix-community",
        "repo": "home-manager",
        "rev": "abfad3d2958c9e6300a883bd443512c55dfeb1be",
        "type": "github"
      },
      "original": {
        "owner": "nix-community",
        "repo": "home-manager",
        "type": "github"
      }
    },
    "home-manager_2": {
      "inputs": {
        "nixpkgs": [
          "nixpkgs"
        ]
      },
      "locked": {
        "lastModified": 1747439237,
        "narHash": "sha256-5rCGrnkglKKj4cav1U3HC+SIUNJh08pqOK4spQv9RjA=",
        "owner": "nix-community",
        "repo": "home-manager",
        "rev": "ae755329092c87369b9e9a1510a8cf1ce2b1c708",
        "type": "github"
      },
      "original": {
        "owner": "nix-community",
        "repo": "home-manager",
        "type": "github"
      }
    },
    "nixos-common": {
      "inputs": {
        "agenix": [
          "agenix"
        ],
        "allout58-dotfiles": "allout58-dotfiles",
        "nixpkgs": "nixpkgs"
      },
      "locked": {
        "lastModified": 1745790711,
        "narHash": "sha256-/YV9XgiE2BAxZbXLFhC1UWJywGwsAheddvUT8WfSK6M=",
        "owner": "allout58-infra",
        "repo": "nixos-common",
        "rev": "8f581a661a5ae12b656f308296f076756b3723cc",
        "type": "github"
      },
      "original": {
        "owner": "allout58-infra",
        "repo": "nixos-common",
        "type": "github"
      }
    },
    "nixpkgs": {
      "locked": {
        "lastModified": 1719956923,
        "narHash": "sha256-nNJHJ9kfPdzYsCOlHOnbiiyKjZUW5sWbwx3cakg3/C4=",
        "owner": "NixOS",
        "repo": "nixpkgs",
        "rev": "706eef542dec88cc0ed25b9075d3037564b2d164",
        "type": "github"
      },
      "original": {
        "owner": "NixOS",
        "ref": "nixos-24.05",
        "repo": "nixpkgs",
        "type": "github"
      }
    },
    "nixpkgs-me": {
      "locked": {
        "lastModified": 1731374625,
        "narHash": "sha256-ZwuqTFV3ALXFLObyBSWEkSt+ujn4z0d6vS8NIjE7yew=",
        "owner": "allout58",
        "repo": "nixpkgs",
        "rev": "e019491705a4b339ad8413ed5fc872dbaf195e89",
        "type": "github"
      },
      "original": {
        "owner": "allout58",
        "ref": "feature/ersatztv",
        "repo": "nixpkgs",
        "type": "github"
      }
    },
    "nixpkgs_2": {
      "locked": {
        "lastModified": 1747179050,
        "narHash": "sha256-qhFMmDkeJX9KJwr5H32f1r7Prs7XbQWtO0h3V0a0rFY=",
        "owner": "NixOS",
        "repo": "nixpkgs",
        "rev": "adaa24fbf46737f3f1b5497bf64bae750f82942e",
        "type": "github"
      },
      "original": {
        "owner": "NixOS",
        "ref": "nixos-unstable",
        "repo": "nixpkgs",
        "type": "github"
      }
    },
    "root": {
      "inputs": {
        "agenix": "agenix",
        "home-manager": "home-manager_2",
        "nixos-common": "nixos-common",
        "nixpkgs": "nixpkgs_2",
        "nixpkgs-me": "nixpkgs-me"
      }
    },
    "systems": {
      "locked": {
        "lastModified": 1681028828,
        "narHash": "sha256-Vy1rq5AaRuLzOxct8nz4T6wlgyUR7zLU309k9mBC768=",
        "owner": "nix-systems",
        "repo": "default",
        "rev": "da67096a3b9bf56a91d16901293e51ba5b49a27e",
        "type": "github"
      },
      "original": {
        "owner": "nix-systems",
        "repo": "default",
        "type": "github"
      }
    }
  },
  "root": "root",
  "version": 7
}
